
Microsoft Visual Studio Solution File, Format Version 12.00
# Visual Studio 14
VisualStudioVersion = 14.0.25420.1
MinimumVisualStudioVersion = 10.0.40219.1
Project("{FAE04EC0-301F-11D3-BF4B-00C04F79EFBC}") = "25DaysOfChristmasTests", "25DaysOfChristmasTests\25DaysOfChristmasTests.csproj", "{09019FAC-3B7B-48E9-BEA9-D37824CBBB0E}"
EndProject
Project("{FAE04EC0-301F-11D3-BF4B-00C04F79EFBC}") = "Day11", "Day11\Day11.csproj", "{E93F7A01-AECD-4525-BE03-CD625FB7FBC6}"
EndProject
Project("{FAE04EC0-301F-11D3-BF4B-00C04F79EFBC}") = "Day12", "Day12\Day12.csproj", "{7AF97384-D9EF-4499-9663-84DEEF3B93DC}"
EndProject
Project("{FAE04EC0-301F-11D3-BF4B-00C04F79EFBC}") = "Day13", "Day13\Day13.csproj", "{AB10A8EF-D1B1-4C3B-91C0-188D5D0062F2}"
EndProject
Project("{FAE04EC0-301F-11D3-BF4B-00C04F79EFBC}") = "Day14", "Day14\Day14.csproj", "{7D7A80E1-2E11-41EC-8858-52BADC9B6A70}"
EndProject
Project("{FAE04EC0-301F-11D3-BF4B-00C04F79EFBC}") = "Day01", "Day01\Day01.csproj", "{ED48D248-9143-4439-B163-BE51B163F0BB}"
EndProject
Project("{FAE04EC0-301F-11D3-BF4B-00C04F79EFBC}") = "Day02", "Day02\Day02.csproj", "{C87947DB-D915-4728-8491-51DB9254D004}"
EndProject
Project("{FAE04EC0-301F-11D3-BF4B-00C04F79EFBC}") = "Day03", "Day03\Day03.csproj", "{AEFBA267-2356-4191-8EAB-A025B277844D}"
EndProject
Project("{FAE04EC0-301F-11D3-BF4B-00C04F79EFBC}") = "Day04", "Day04\Day04.csproj", "{6BDF4394-6782-4CF5-866F-0CBF68427D98}"
EndProject
Project("{FAE04EC0-301F-11D3-BF4B-00C04F79EFBC}") = "Day05", "Day05\Day05.csproj", "{F545AFB0-1A93-4EB2-9159-99E3F9DBA923}"
EndProject
Project("{FAE04EC0-301F-11D3-BF4B-00C04F79EFBC}") = "Day06", "Day06\Day06.csproj", "{9CB4229B-2601-4CB9-8A1B-FDC9B3802936}"
EndProject
Project("{FAE04EC0-301F-11D3-BF4B-00C04F79EFBC}") = "Day07", "Day07\Day07.csproj", "{4EF13BA1-2F9C-41E3-B28C-3893CC1EEB47}"
EndProject
Project("{FAE04EC0-301F-11D3-BF4B-00C04F79EFBC}") = "Day08", "Day08\Day08.csproj", "{0D429F11-9D44-45E2-BE92-18ECC0D6CDAD}"
EndProject
Project("{FAE04EC0-301F-11D3-BF4B-00C04F79EFBC}") = "Day09", "Day09\Day09.csproj", "{040C3CC1-4EBE-46F2-9063-5E631123AFEB}"
EndProject
Project("{FAE04EC0-301F-11D3-BF4B-00C04F79EFBC}") = "Day10", "Day10\Day10.csproj", "{FD397C63-64E8-47FF-9829-9E62AE6486C1}"
EndProject
Global
	GlobalSection(SolutionConfigurationPlatforms) = preSolution
		Debug|Any CPU = Debug|Any CPU
		Release|Any CPU = Release|Any CPU
	EndGlobalSection
	GlobalSection(ProjectConfigurationPlatforms) = postSolution
		{09019FAC-3B7B-48E9-BEA9-D37824CBBB0E}.Debug|Any CPU.ActiveCfg = Debug|Any CPU
		{09019FAC-3B7B-48E9-BEA9-D37824CBBB0E}.Debug|Any CPU.Build.0 = Debug|Any CPU
		{09019FAC-3B7B-48E9-BEA9-D37824CBBB0E}.Release|Any CPU.ActiveCfg = Release|Any CPU
		{09019FAC-3B7B-48E9-BEA9-D37824CBBB0E}.Release|Any CPU.Build.0 = Release|Any CPU
		{E93F7A01-AECD-4525-BE03-CD625FB7FBC6}.Debug|Any CPU.ActiveCfg = Debug|Any CPU
		{E93F7A01-AECD-4525-BE03-CD625FB7FBC6}.Debug|Any CPU.Build.0 = Debug|Any CPU
		{E93F7A01-AECD-4525-BE03-CD625FB7FBC6}.Release|Any CPU.ActiveCfg = Release|Any CPU
		{E93F7A01-AECD-4525-BE03-CD625FB7FBC6}.Release|Any CPU.Build.0 = Release|Any CPU
		{7AF97384-D9EF-4499-9663-84DEEF3B93DC}.Debug|Any CPU.ActiveCfg = Debug|Any CPU
		{7AF97384-D9EF-4499-9663-84DEEF3B93DC}.Debug|Any CPU.Build.0 = Debug|Any CPU
		{7AF97384-D9EF-4499-9663-84DEEF3B93DC}.Release|Any CPU.ActiveCfg = Release|Any CPU
		{7AF97384-D9EF-4499-9663-84DEEF3B93DC}.Release|Any CPU.Build.0 = Release|Any CPU
		{AB10A8EF-D1B1-4C3B-91C0-188D5D0062F2}.Debug|Any CPU.ActiveCfg = Debug|Any CPU
		{AB10A8EF-D1B1-4C3B-91C0-188D5D0062F2}.Debug|Any CPU.Build.0 = Debug|Any CPU
		{AB10A8EF-D1B1-4C3B-91C0-188D5D0062F2}.Release|Any CPU.ActiveCfg = Release|Any CPU
		{AB10A8EF-D1B1-4C3B-91C0-188D5D0062F2}.Release|Any CPU.Build.0 = Release|Any CPU
		{7D7A80E1-2E11-41EC-8858-52BADC9B6A70}.Debug|Any CPU.ActiveCfg = Debug|Any CPU
		{7D7A80E1-2E11-41EC-8858-52BADC9B6A70}.Debug|Any CPU.Build.0 = Debug|Any CPU
		{7D7A80E1-2E11-41EC-8858-52BADC9B6A70}.Release|Any CPU.ActiveCfg = Release|Any CPU
		{7D7A80E1-2E11-41EC-8858-52BADC9B6A70}.Release|Any CPU.Build.0 = Release|Any CPU
		{ED48D248-9143-4439-B163-BE51B163F0BB}.Debug|Any CPU.ActiveCfg = Debug|Any CPU
		{ED48D248-9143-4439-B163-BE51B163F0BB}.Debug|Any CPU.Build.0 = Debug|Any CPU
		{ED48D248-9143-4439-B163-BE51B163F0BB}.Release|Any CPU.ActiveCfg = Release|Any CPU
		{ED48D248-9143-4439-B163-BE51B163F0BB}.Release|Any CPU.Build.0 = Release|Any CPU
		{C87947DB-D915-4728-8491-51DB9254D004}.Debug|Any CPU.ActiveCfg = Debug|Any CPU
		{C87947DB-D915-4728-8491-51DB9254D004}.Debug|Any CPU.Build.0 = Debug|Any CPU
		{C87947DB-D915-4728-8491-51DB9254D004}.Release|Any CPU.ActiveCfg = Release|Any CPU
		{C87947DB-D915-4728-8491-51DB9254D004}.Release|Any CPU.Build.0 = Release|Any CPU
		{AEFBA267-2356-4191-8EAB-A025B277844D}.Debug|Any CPU.ActiveCfg = Debug|Any CPU
		{AEFBA267-2356-4191-8EAB-A025B277844D}.Debug|Any CPU.Build.0 = Debug|Any CPU
		{AEFBA267-2356-4191-8EAB-A025B277844D}.Release|Any CPU.ActiveCfg = Release|Any CPU
		{AEFBA267-2356-4191-8EAB-A025B277844D}.Release|Any CPU.Build.0 = Release|Any CPU
		{6BDF4394-6782-4CF5-866F-0CBF68427D98}.Debug|Any CPU.ActiveCfg = Debug|Any CPU
		{6BDF4394-6782-4CF5-866F-0CBF68427D98}.Debug|Any CPU.Build.0 = Debug|Any CPU
		{6BDF4394-6782-4CF5-866F-0CBF68427D98}.Release|Any CPU.ActiveCfg = Release|Any CPU
		{6BDF4394-6782-4CF5-866F-0CBF68427D98}.Release|Any CPU.Build.0 = Release|Any CPU
		{F545AFB0-1A93-4EB2-9159-99E3F9DBA923}.Debug|Any CPU.ActiveCfg = Debug|Any CPU
		{F545AFB0-1A93-4EB2-9159-99E3F9DBA923}.Debug|Any CPU.Build.0 = Debug|Any CPU
		{F545AFB0-1A93-4EB2-9159-99E3F9DBA923}.Release|Any CPU.ActiveCfg = Release|Any CPU
		{F545AFB0-1A93-4EB2-9159-99E3F9DBA923}.Release|Any CPU.Build.0 = Release|Any CPU
		{9CB4229B-2601-4CB9-8A1B-FDC9B3802936}.Debug|Any CPU.ActiveCfg = Debug|Any CPU
		{9CB4229B-2601-4CB9-8A1B-FDC9B3802936}.Debug|Any CPU.Build.0 = Debug|Any CPU
		{9CB4229B-2601-4CB9-8A1B-FDC9B3802936}.Release|Any CPU.ActiveCfg = Release|Any CPU
		{9CB4229B-2601-4CB9-8A1B-FDC9B3802936}.Release|Any CPU.Build.0 = Release|Any CPU
		{4EF13BA1-2F9C-41E3-B28C-3893CC1EEB47}.Debug|Any CPU.ActiveCfg = Debug|Any CPU
		{4EF13BA1-2F9C-41E3-B28C-3893CC1EEB47}.Debug|Any CPU.Build.0 = Debug|Any CPU
		{4EF13BA1-2F9C-41E3-B28C-3893CC1EEB47}.Release|Any CPU.ActiveCfg = Release|Any CPU
		{4EF13BA1-2F9C-41E3-B28C-3893CC1EEB47}.Release|Any CPU.Build.0 = Release|Any CPU
		{0D429F11-9D44-45E2-BE92-18ECC0D6CDAD}.Debug|Any CPU.ActiveCfg = Debug|Any CPU
		{0D429F11-9D44-45E2-BE92-18ECC0D6CDAD}.Debug|Any CPU.Build.0 = Debug|Any CPU
		{0D429F11-9D44-45E2-BE92-18ECC0D6CDAD}.Release|Any CPU.ActiveCfg = Release|Any CPU
		{0D429F11-9D44-45E2-BE92-18ECC0D6CDAD}.Release|Any CPU.Build.0 = Release|Any CPU
		{040C3CC1-4EBE-46F2-9063-5E631123AFEB}.Debug|Any CPU.ActiveCfg = Debug|Any CPU
		{040C3CC1-4EBE-46F2-9063-5E631123AFEB}.Debug|Any CPU.Build.0 = Debug|Any CPU
		{040C3CC1-4EBE-46F2-9063-5E631123AFEB}.Release|Any CPU.ActiveCfg = Release|Any CPU
		{040C3CC1-4EBE-46F2-9063-5E631123AFEB}.Release|Any CPU.Build.0 = Release|Any CPU
		{FD397C63-64E8-47FF-9829-9E62AE6486C1}.Debug|Any CPU.ActiveCfg = Debug|Any CPU
		{FD397C63-64E8-47FF-9829-9E62AE6486C1}.Debug|Any CPU.Build.0 = Debug|Any CPU
		{FD397C63-64E8-47FF-9829-9E62AE6486C1}.Release|Any CPU.ActiveCfg = Release|Any CPU
		{FD397C63-64E8-47FF-9829-9E62AE6486C1}.Release|Any CPU.Build.0 = Release|Any CPU
	EndGlobalSection
	GlobalSection(SolutionProperties) = preSolution
		HideSolutionNode = FALSE
	EndGlobalSection
	GlobalSection(ExtensibilityGlobals) = postSolution
		SolutionGuid = {F013BE4E-E8E7-4265-8718-D194D9DDA692}
	EndGlobalSection
EndGlobal
