
Microsoft Visual Studio Solution File, Format Version 12.00
# Visual Studio 14
VisualStudioVersion = 14.0.25420.1
MinimumVisualStudioVersion = 10.0.40219.1
Project("{FAE04EC0-301F-11D3-BF4B-00C04F79EFBC}") = "Day1_InverseCaptcha", "Day1_InverseCaptcha\Day1_InverseCaptcha.csproj", "{ED48D248-9143-4439-B163-BE51B163F0BB}"
EndProject
Project("{FAE04EC0-301F-11D3-BF4B-00C04F79EFBC}") = "Day2_CorruptionChecksum", "Day2_CorruptionChecksum\Day2_CorruptionChecksum.csproj", "{C87947DB-D915-4728-8491-51DB9254D004}"
EndProject
Project("{FAE04EC0-301F-11D3-BF4B-00C04F79EFBC}") = "25DaysOfChristmasTests", "25DaysOfChristmasTests\25DaysOfChristmasTests.csproj", "{09019FAC-3B7B-48E9-BEA9-D37824CBBB0E}"
EndProject
Global
	GlobalSection(SolutionConfigurationPlatforms) = preSolution
		Debug|Any CPU = Debug|Any CPU
		Release|Any CPU = Release|Any CPU
	EndGlobalSection
	GlobalSection(ProjectConfigurationPlatforms) = postSolution
		{ED48D248-9143-4439-B163-BE51B163F0BB}.Debug|Any CPU.ActiveCfg = Debug|Any CPU
		{ED48D248-9143-4439-B163-BE51B163F0BB}.Debug|Any CPU.Build.0 = Debug|Any CPU
		{ED48D248-9143-4439-B163-BE51B163F0BB}.Release|Any CPU.ActiveCfg = Release|Any CPU
		{ED48D248-9143-4439-B163-BE51B163F0BB}.Release|Any CPU.Build.0 = Release|Any CPU
		{C87947DB-D915-4728-8491-51DB9254D004}.Debug|Any CPU.ActiveCfg = Debug|Any CPU
		{C87947DB-D915-4728-8491-51DB9254D004}.Debug|Any CPU.Build.0 = Debug|Any CPU
		{C87947DB-D915-4728-8491-51DB9254D004}.Release|Any CPU.ActiveCfg = Release|Any CPU
		{C87947DB-D915-4728-8491-51DB9254D004}.Release|Any CPU.Build.0 = Release|Any CPU
		{09019FAC-3B7B-48E9-BEA9-D37824CBBB0E}.Debug|Any CPU.ActiveCfg = Debug|Any CPU
		{09019FAC-3B7B-48E9-BEA9-D37824CBBB0E}.Debug|Any CPU.Build.0 = Debug|Any CPU
		{09019FAC-3B7B-48E9-BEA9-D37824CBBB0E}.Release|Any CPU.ActiveCfg = Release|Any CPU
		{09019FAC-3B7B-48E9-BEA9-D37824CBBB0E}.Release|Any CPU.Build.0 = Release|Any CPU
	EndGlobalSection
	GlobalSection(SolutionProperties) = preSolution
		HideSolutionNode = FALSE
	EndGlobalSection
EndGlobal
